
Microsoft Visual Studio Solution File, Format Version 12.00
# Visual Studio Version 17
VisualStudioVersion = 17.2.32616.157
MinimumVisualStudioVersion = 10.0.40219.1
Project("{9A19103F-16F7-4668-BE54-9A1E7A4F7556}") = "Authorization with swagger", "Authorization with swagger\Authorization with swagger.csproj", "{ED445F20-571D-4435-A196-A2CB5CE2D122}"
EndProject
Project("{9A19103F-16F7-4668-BE54-9A1E7A4F7556}") = "CORS", "CORS\CORS.csproj", "{F511F3BE-E07E-4FBA-8AD3-B416F0FA81C5}"
EndProject
Project("{9A19103F-16F7-4668-BE54-9A1E7A4F7556}") = "EF and API", "EF and API\EF and API.csproj", "{D33B8FDD-0D25-4748-A6D1-E798E99E9A4C}"
EndProject
Project("{9A19103F-16F7-4668-BE54-9A1E7A4F7556}") = "Service", "Service\Service.csproj", "{2E948A68-0914-4C3C-839D-F0A929A48C70}"
EndProject
Project("{FAE04EC0-301F-11D3-BF4B-00C04F79EFBC}") = "AutoMapper", "AutoMapper\AutoMapper.csproj", "{F735E562-CFCB-45EE-835F-011699F396DD}"
EndProject
Global
	GlobalSection(SolutionConfigurationPlatforms) = preSolution
		Debug|Any CPU = Debug|Any CPU
		Release|Any CPU = Release|Any CPU
	EndGlobalSection
	GlobalSection(ProjectConfigurationPlatforms) = postSolution
		{ED445F20-571D-4435-A196-A2CB5CE2D122}.Debug|Any CPU.ActiveCfg = Debug|Any CPU
		{ED445F20-571D-4435-A196-A2CB5CE2D122}.Debug|Any CPU.Build.0 = Debug|Any CPU
		{ED445F20-571D-4435-A196-A2CB5CE2D122}.Release|Any CPU.ActiveCfg = Release|Any CPU
		{ED445F20-571D-4435-A196-A2CB5CE2D122}.Release|Any CPU.Build.0 = Release|Any CPU
		{F511F3BE-E07E-4FBA-8AD3-B416F0FA81C5}.Debug|Any CPU.ActiveCfg = Debug|Any CPU
		{F511F3BE-E07E-4FBA-8AD3-B416F0FA81C5}.Debug|Any CPU.Build.0 = Debug|Any CPU
		{F511F3BE-E07E-4FBA-8AD3-B416F0FA81C5}.Release|Any CPU.ActiveCfg = Release|Any CPU
		{F511F3BE-E07E-4FBA-8AD3-B416F0FA81C5}.Release|Any CPU.Build.0 = Release|Any CPU
		{D33B8FDD-0D25-4748-A6D1-E798E99E9A4C}.Debug|Any CPU.ActiveCfg = Debug|Any CPU
		{D33B8FDD-0D25-4748-A6D1-E798E99E9A4C}.Debug|Any CPU.Build.0 = Debug|Any CPU
		{D33B8FDD-0D25-4748-A6D1-E798E99E9A4C}.Release|Any CPU.ActiveCfg = Release|Any CPU
		{D33B8FDD-0D25-4748-A6D1-E798E99E9A4C}.Release|Any CPU.Build.0 = Release|Any CPU
		{2E948A68-0914-4C3C-839D-F0A929A48C70}.Debug|Any CPU.ActiveCfg = Debug|Any CPU
		{2E948A68-0914-4C3C-839D-F0A929A48C70}.Debug|Any CPU.Build.0 = Debug|Any CPU
		{2E948A68-0914-4C3C-839D-F0A929A48C70}.Release|Any CPU.ActiveCfg = Release|Any CPU
		{2E948A68-0914-4C3C-839D-F0A929A48C70}.Release|Any CPU.Build.0 = Release|Any CPU
		{F735E562-CFCB-45EE-835F-011699F396DD}.Debug|Any CPU.ActiveCfg = Debug|Any CPU
		{F735E562-CFCB-45EE-835F-011699F396DD}.Debug|Any CPU.Build.0 = Debug|Any CPU
		{F735E562-CFCB-45EE-835F-011699F396DD}.Release|Any CPU.ActiveCfg = Release|Any CPU
		{F735E562-CFCB-45EE-835F-011699F396DD}.Release|Any CPU.Build.0 = Release|Any CPU
	EndGlobalSection
	GlobalSection(SolutionProperties) = preSolution
		HideSolutionNode = FALSE
	EndGlobalSection
	GlobalSection(ExtensibilityGlobals) = postSolution
		SolutionGuid = {7302D4AA-40C2-4A09-AFE5-DC70D2584CF5}
	EndGlobalSection
EndGlobal
